
Microsoft Visual Studio Solution File, Format Version 11.00
# Visual C# Express 2010
Project("{FAE04EC0-301F-11D3-BF4B-00C04F79EFBC}") = "Downgrade", "Downgrade\Downgrade\Downgrade.csproj", "{21AF4418-F79F-4CC6-B38F-4DBDC9578682}"
EndProject
Project("{96E2B04D-8817-42C6-938A-82C39BA4D311}") = "DowngradeContent", "Downgrade\DowngradeContent\DowngradeContent.contentproj", "{E7C119C2-E1A9-4D52-8EF3-B659FE2D5980}"
EndProject
Global
	GlobalSection(SolutionConfigurationPlatforms) = preSolution
		Debug|x86 = Debug|x86
		Release|x86 = Release|x86
	EndGlobalSection
	GlobalSection(ProjectConfigurationPlatforms) = postSolution
		{21AF4418-F79F-4CC6-B38F-4DBDC9578682}.Debug|x86.ActiveCfg = Debug|x86
		{21AF4418-F79F-4CC6-B38F-4DBDC9578682}.Debug|x86.Build.0 = Debug|x86
		{21AF4418-F79F-4CC6-B38F-4DBDC9578682}.Release|x86.ActiveCfg = Release|x86
		{21AF4418-F79F-4CC6-B38F-4DBDC9578682}.Release|x86.Build.0 = Release|x86
		{E7C119C2-E1A9-4D52-8EF3-B659FE2D5980}.Debug|x86.ActiveCfg = Debug|x86
		{E7C119C2-E1A9-4D52-8EF3-B659FE2D5980}.Release|x86.ActiveCfg = Release|x86
	EndGlobalSection
	GlobalSection(SolutionProperties) = preSolution
		HideSolutionNode = FALSE
	EndGlobalSection
EndGlobal
